
Microsoft Visual Studio Solution File, Format Version 12.00
# Visual Studio Version 17
VisualStudioVersion = 17.14.36429.23 d17.14
MinimumVisualStudioVersion = 10.0.40219.1
Project("{FAE04EC0-301F-11D3-BF4B-00C04F79EFBC}") = "RaptorAudioClass", "RaptorAudioClass\RaptorAudioClass.csproj", "{3A36630E-91A3-425E-9FC7-5CB6D6B0A609}"
EndProject
Global
	GlobalSection(SolutionConfigurationPlatforms) = preSolution
		Debug|Any CPU = Debug|Any CPU
		Release|Any CPU = Release|Any CPU
	EndGlobalSection
	GlobalSection(ProjectConfigurationPlatforms) = postSolution
		{3A36630E-91A3-425E-9FC7-5CB6D6B0A609}.Debug|Any CPU.ActiveCfg = Debug|Any CPU
		{3A36630E-91A3-425E-9FC7-5CB6D6B0A609}.Debug|Any CPU.Build.0 = Debug|Any CPU
		{3A36630E-91A3-425E-9FC7-5CB6D6B0A609}.Release|Any CPU.ActiveCfg = Release|Any CPU
		{3A36630E-91A3-425E-9FC7-5CB6D6B0A609}.Release|Any CPU.Build.0 = Release|Any CPU
	EndGlobalSection
	GlobalSection(SolutionProperties) = preSolution
		HideSolutionNode = FALSE
	EndGlobalSection
	GlobalSection(ExtensibilityGlobals) = postSolution
		SolutionGuid = {DFC78DBF-B09F-4ADA-ABA9-B0CFECF826D9}
	EndGlobalSection
EndGlobal
